// !$*UTF8*$!
{
	archiveVersion = 1;
	classes = {
	};
	objectVersion = 46;
	objects = {

/* Begin PBXBuildFile section */
		EF0DF3271DC055E100DB6319 /* patchfile in Resources */ = {isa = PBXBuildFile; fileRef = EF0DF3261DC055E100DB6319 /* patchfile */; };
		EF19A6831DC1AD0500D67A05 /* JPEngine.m in Sources */ = {isa = PBXBuildFile; fileRef = EF19A6811DC1AD0500D67A05 /* JPEngine.m */; };
		EF19A6841DC1AD0500D67A05 /* JSPatch.js in Resources */ = {isa = PBXBuildFile; fileRef = EF19A6821DC1AD0500D67A05 /* JSPatch.js */; };
		EF19A6871DC1AD3800D67A05 /* UpdateAlertView.m in Sources */ = {isa = PBXBuildFile; fileRef = EF19A6861DC1AD3800D67A05 /* UpdateAlertView.m */; };
		EF3992511DBDE7E600EBC554 /* main.m in Sources */ = {isa = PBXBuildFile; fileRef = EF3992501DBDE7E600EBC554 /* main.m */; };
		EF3992541DBDE7E600EBC554 /* AppDelegate.m in Sources */ = {isa = PBXBuildFile; fileRef = EF3992531DBDE7E600EBC554 /* AppDelegate.m */; };
		EF39925C1DBDE7E600EBC554 /* Assets.xcassets in Resources */ = {isa = PBXBuildFile; fileRef = EF39925B1DBDE7E600EBC554 /* Assets.xcassets */; };
		EF39925F1DBDE7E600EBC554 /* LaunchScreen.storyboard in Resources */ = {isa = PBXBuildFile; fileRef = EF39925D1DBDE7E600EBC554 /* LaunchScreen.storyboard */; };
		EF4502E61DBF08FE002DA845 /* MainViewController.m in Sources */ = {isa = PBXBuildFile; fileRef = EF4502E51DBF08FE002DA845 /* MainViewController.m */; };
		EF4502E91DBF38B8002DA845 /* SuccessViewController.m in Sources */ = {isa = PBXBuildFile; fileRef = EF4502E81DBF38B8002DA845 /* SuccessViewController.m */; };
		EF50D52D1DBF7A310047BA28 /* DES3EncryptUtil.m in Sources */ = {isa = PBXBuildFile; fileRef = EF50D5281DBF7A310047BA28 /* DES3EncryptUtil.m */; };
		EF50D52E1DBF7A310047BA28 /* DynamicChangeCode.m in Sources */ = {isa = PBXBuildFile; fileRef = EF50D52A1DBF7A310047BA28 /* DynamicChangeCode.m */; };
		EF50D52F1DBF7A310047BA28 /* MyBase64.m in Sources */ = {isa = PBXBuildFile; fileRef = EF50D52C1DBF7A310047BA28 /* MyBase64.m */; };
		EF95FEAA1DBEF3480051F8C8 /* FailureViewController.m in Sources */ = {isa = PBXBuildFile; fileRef = EF95FEA91DBEF3480051F8C8 /* FailureViewController.m */; };
		EFD3815A1DC1F67B003CC8B8 /* CouponEfficientTableVIewCell.m in Sources */ = {isa = PBXBuildFile; fileRef = EFD381591DC1F67B003CC8B8 /* CouponEfficientTableVIewCell.m */; };
/* End PBXBuildFile section */

/* Begin PBXFileReference section */
		EF0DF3261DC055E100DB6319 /* patchfile */ = {isa = PBXFileReference; lastKnownFileType = folder; path = patchfile; sourceTree = "<group>"; };
		EF19A6801DC1AD0500D67A05 /* JPEngine.h */ = {isa = PBXFileReference; fileEncoding = 4; lastKnownFileType = sourcecode.c.h; path = JPEngine.h; sourceTree = "<group>"; };
		EF19A6811DC1AD0500D67A05 /* JPEngine.m */ = {isa = PBXFileReference; fileEncoding = 4; lastKnownFileType = sourcecode.c.objc; path = JPEngine.m; sourceTree = "<group>"; };
		EF19A6821DC1AD0500D67A05 /* JSPatch.js */ = {isa = PBXFileReference; fileEncoding = 4; lastKnownFileType = sourcecode.javascript; path = JSPatch.js; sourceTree = "<group>"; };
		EF19A6851DC1AD3800D67A05 /* UpdateAlertView.h */ = {isa = PBXFileReference; fileEncoding = 4; lastKnownFileType = sourcecode.c.h; path = UpdateAlertView.h; sourceTree = "<group>"; };
		EF19A6861DC1AD3800D67A05 /* UpdateAlertView.m */ = {isa = PBXFileReference; fileEncoding = 4; lastKnownFileType = sourcecode.c.objc; path = UpdateAlertView.m; sourceTree = "<group>"; };
		EF39924C1DBDE7E600EBC554 /* JSPatchManual.app */ = {isa = PBXFileReference; explicitFileType = wrapper.application; includeInIndex = 0; path = JSPatchManual.app; sourceTree = BUILT_PRODUCTS_DIR; };
		EF3992501DBDE7E600EBC554 /* main.m */ = {isa = PBXFileReference; lastKnownFileType = sourcecode.c.objc; path = main.m; sourceTree = "<group>"; };
		EF3992521DBDE7E600EBC554 /* AppDelegate.h */ = {isa = PBXFileReference; lastKnownFileType = sourcecode.c.h; path = AppDelegate.h; sourceTree = "<group>"; };
		EF3992531DBDE7E600EBC554 /* AppDelegate.m */ = {isa = PBXFileReference; lastKnownFileType = sourcecode.c.objc; path = AppDelegate.m; sourceTree = "<group>"; };
		EF39925B1DBDE7E600EBC554 /* Assets.xcassets */ = {isa = PBXFileReference; lastKnownFileType = folder.assetcatalog; path = Assets.xcassets; sourceTree = "<group>"; };
		EF39925E1DBDE7E600EBC554 /* Base */ = {isa = PBXFileReference; lastKnownFileType = file.storyboard; name = Base; path = Base.lproj/LaunchScreen.storyboard; sourceTree = "<group>"; };
		EF3992601DBDE7E600EBC554 /* Info.plist */ = {isa = PBXFileReference; lastKnownFileType = text.plist.xml; path = Info.plist; sourceTree = "<group>"; };
		EF4502E41DBF08FE002DA845 /* MainViewController.h */ = {isa = PBXFileReference; fileEncoding = 4; lastKnownFileType = sourcecode.c.h; path = MainViewController.h; sourceTree = "<group>"; };
		EF4502E51DBF08FE002DA845 /* MainViewController.m */ = {isa = PBXFileReference; fileEncoding = 4; lastKnownFileType = sourcecode.c.objc; path = MainViewController.m; sourceTree = "<group>"; };
		EF4502E71DBF38B8002DA845 /* SuccessViewController.h */ = {isa = PBXFileReference; fileEncoding = 4; lastKnownFileType = sourcecode.c.h; path = SuccessViewController.h; sourceTree = "<group>"; };
		EF4502E81DBF38B8002DA845 /* SuccessViewController.m */ = {isa = PBXFileReference; fileEncoding = 4; lastKnownFileType = sourcecode.c.objc; path = SuccessViewController.m; sourceTree = "<group>"; };
		EF50D5251DBF7A310047BA28 /* CommonParameters.h */ = {isa = PBXFileReference; fileEncoding = 4; lastKnownFileType = sourcecode.c.h; path = CommonParameters.h; sourceTree = "<group>"; };
		EF50D5271DBF7A310047BA28 /* DES3EncryptUtil.h */ = {isa = PBXFileReference; fileEncoding = 4; lastKnownFileType = sourcecode.c.h; path = DES3EncryptUtil.h; sourceTree = "<group>"; };
		EF50D5281DBF7A310047BA28 /* DES3EncryptUtil.m */ = {isa = PBXFileReference; fileEncoding = 4; lastKnownFileType = sourcecode.c.objc; path = DES3EncryptUtil.m; sourceTree = "<group>"; };
		EF50D5291DBF7A310047BA28 /* DynamicChangeCode.h */ = {isa = PBXFileReference; fileEncoding = 4; lastKnownFileType = sourcecode.c.h; path = DynamicChangeCode.h; sourceTree = "<group>"; };
		EF50D52A1DBF7A310047BA28 /* DynamicChangeCode.m */ = {isa = PBXFileReference; fileEncoding = 4; lastKnownFileType = sourcecode.c.objc; path = DynamicChangeCode.m; sourceTree = "<group>"; };
		EF50D52B1DBF7A310047BA28 /* MyBase64.h */ = {isa = PBXFileReference; fileEncoding = 4; lastKnownFileType = sourcecode.c.h; path = MyBase64.h; sourceTree = "<group>"; };
		EF50D52C1DBF7A310047BA28 /* MyBase64.m */ = {isa = PBXFileReference; fileEncoding = 4; lastKnownFileType = sourcecode.c.objc; path = MyBase64.m; sourceTree = "<group>"; };
		EF95FEA81DBEF3480051F8C8 /* FailureViewController.h */ = {isa = PBXFileReference; fileEncoding = 4; lastKnownFileType = sourcecode.c.h; path = FailureViewController.h; sourceTree = "<group>"; };
		EF95FEA91DBEF3480051F8C8 /* FailureViewController.m */ = {isa = PBXFileReference; fileEncoding = 4; lastKnownFileType = sourcecode.c.objc; path = FailureViewController.m; sourceTree = "<group>"; };
		EFD381581DC1F67B003CC8B8 /* CouponEfficientTableVIewCell.h */ = {isa = PBXFileReference; fileEncoding = 4; lastKnownFileType = sourcecode.c.h; path = CouponEfficientTableVIewCell.h; sourceTree = "<group>"; };
		EFD381591DC1F67B003CC8B8 /* CouponEfficientTableVIewCell.m */ = {isa = PBXFileReference; fileEncoding = 4; lastKnownFileType = sourcecode.c.objc; path = CouponEfficientTableVIewCell.m; sourceTree = "<group>"; };
/* End PBXFileReference section */

/* Begin PBXFrameworksBuildPhase section */
		EF3992491DBDE7E600EBC554 /* Frameworks */ = {
			isa = PBXFrameworksBuildPhase;
			buildActionMask = 2147483647;
			files = (
			);
			runOnlyForDeploymentPostprocessing = 0;
		};
/* End PBXFrameworksBuildPhase section */

/* Begin PBXGroup section */
		EF19A67F1DC1AD0500D67A05 /* JSPatch */ = {
			isa = PBXGroup;
			children = (
				EF19A6801DC1AD0500D67A05 /* JPEngine.h */,
				EF19A6811DC1AD0500D67A05 /* JPEngine.m */,
				EF19A6821DC1AD0500D67A05 /* JSPatch.js */,
			);
			path = JSPatch;
			sourceTree = "<group>";
		};
		EF3992431DBDE7E600EBC554 = {
			isa = PBXGroup;
			children = (
				EF39924E1DBDE7E600EBC554 /* JSPatchManual */,
				EF39924D1DBDE7E600EBC554 /* Products */,
			);
			sourceTree = "<group>";
		};
		EF39924D1DBDE7E600EBC554 /* Products */ = {
			isa = PBXGroup;
			children = (
				EF39924C1DBDE7E600EBC554 /* JSPatchManual.app */,
			);
			name = Products;
			sourceTree = "<group>";
		};
		EF39924E1DBDE7E600EBC554 /* JSPatchManual */ = {
			isa = PBXGroup;
			children = (
				EF19A67F1DC1AD0500D67A05 /* JSPatch */,
				EF0DF3261DC055E100DB6319 /* patchfile */,
				EF3992521DBDE7E600EBC554 /* AppDelegate.h */,
				EF3992531DBDE7E600EBC554 /* AppDelegate.m */,
				EF4502E41DBF08FE002DA845 /* MainViewController.h */,
				EF4502E51DBF08FE002DA845 /* MainViewController.m */,
				EF4502E71DBF38B8002DA845 /* SuccessViewController.h */,
				EF4502E81DBF38B8002DA845 /* SuccessViewController.m */,
				EF95FEA81DBEF3480051F8C8 /* FailureViewController.h */,
				EF95FEA91DBEF3480051F8C8 /* FailureViewController.m */,
				EF19A6851DC1AD3800D67A05 /* UpdateAlertView.h */,
				EF19A6861DC1AD3800D67A05 /* UpdateAlertView.m */,
				EFD381581DC1F67B003CC8B8 /* CouponEfficientTableVIewCell.h */,
				EFD381591DC1F67B003CC8B8 /* CouponEfficientTableVIewCell.m */,
				EF50D5241DBF7A310047BA28 /* DynamicChangeCode */,
				EF39925B1DBDE7E600EBC554 /* Assets.xcassets */,
				EF39925D1DBDE7E600EBC554 /* LaunchScreen.storyboard */,
				EF3992601DBDE7E600EBC554 /* Info.plist */,
				EF39924F1DBDE7E600EBC554 /* Supporting Files */,
			);
			path = JSPatchManual;
			sourceTree = "<group>";
		};
		EF39924F1DBDE7E600EBC554 /* Supporting Files */ = {
			isa = PBXGroup;
			children = (
				EF3992501DBDE7E600EBC554 /* main.m */,
			);
			name = "Supporting Files";
			sourceTree = "<group>";
		};
		EF50D5241DBF7A310047BA28 /* DynamicChangeCode */ = {
			isa = PBXGroup;
			children = (
				EF50D5251DBF7A310047BA28 /* CommonParameters.h */,
				EF50D5261DBF7A310047BA28 /* DES3EncryptUtil */,
				EF50D5291DBF7A310047BA28 /* DynamicChangeCode.h */,
				EF50D52A1DBF7A310047BA28 /* DynamicChangeCode.m */,
				EF50D52B1DBF7A310047BA28 /* MyBase64.h */,
				EF50D52C1DBF7A310047BA28 /* MyBase64.m */,
			);
			path = DynamicChangeCode;
			sourceTree = "<group>";
		};
		EF50D5261DBF7A310047BA28 /* DES3EncryptUtil */ = {
			isa = PBXGroup;
			children = (
				EF50D5271DBF7A310047BA28 /* DES3EncryptUtil.h */,
				EF50D5281DBF7A310047BA28 /* DES3EncryptUtil.m */,
			);
			path = DES3EncryptUtil;
			sourceTree = "<group>";
		};
/* End PBXGroup section */

/* Begin PBXNativeTarget section */
		EF39924B1DBDE7E600EBC554 /* JSPatchManual */ = {
			isa = PBXNativeTarget;
			buildConfigurationList = EF3992631DBDE7E600EBC554 /* Build configuration list for PBXNativeTarget "JSPatchManual" */;
			buildPhases = (
				EF3992481DBDE7E600EBC554 /* Sources */,
				EF3992491DBDE7E600EBC554 /* Frameworks */,
				EF39924A1DBDE7E600EBC554 /* Resources */,
			);
			buildRules = (
			);
			dependencies = (
			);
			name = JSPatchManual;
			productName = JSPatchManual;
			productReference = EF39924C1DBDE7E600EBC554 /* JSPatchManual.app */;
			productType = "com.apple.product-type.application";
		};
/* End PBXNativeTarget section */

/* Begin PBXProject section */
		EF3992441DBDE7E600EBC554 /* Project object */ = {
			isa = PBXProject;
			attributes = {
				LastUpgradeCheck = 0800;
				ORGANIZATIONNAME = "王亮";
				TargetAttributes = {
					EF39924B1DBDE7E600EBC554 = {
						CreatedOnToolsVersion = 8.0;
						DevelopmentTeam = MJEC23A2X6;
						ProvisioningStyle = Automatic;
					};
				};
			};
			buildConfigurationList = EF3992471DBDE7E600EBC554 /* Build configuration list for PBXProject "JSPatchManual" */;
			compatibilityVersion = "Xcode 3.2";
			developmentRegion = English;
			hasScannedForEncodings = 0;
			knownRegions = (
				en,
				Base,
			);
			mainGroup = EF3992431DBDE7E600EBC554;
			productRefGroup = EF39924D1DBDE7E600EBC554 /* Products */;
			projectDirPath = "";
			projectRoot = "";
			targets = (
				EF39924B1DBDE7E600EBC554 /* JSPatchManual */,
			);
		};
/* End PBXProject section */

/* Begin PBXResourcesBuildPhase section */
		EF39924A1DBDE7E600EBC554 /* Resources */ = {
			isa = PBXResourcesBuildPhase;
			buildActionMask = 2147483647;
			files = (
				EF39925F1DBDE7E600EBC554 /* LaunchScreen.storyboard in Resources */,
				EF39925C1DBDE7E600EBC554 /* Assets.xcassets in Resources */,
				EF19A6841DC1AD0500D67A05 /* JSPatch.js in Resources */,
				EF0DF3271DC055E100DB6319 /* patchfile in Resources */,
			);
			runOnlyForDeploymentPostprocessing = 0;
		};
/* End PBXResourcesBuildPhase section */

/* Begin PBXSourcesBuildPhase section */
		EF3992481DBDE7E600EBC554 /* Sources */ = {
			isa = PBXSourcesBuildPhase;
			buildActionMask = 2147483647;
			files = (
				EF19A6871DC1AD3800D67A05 /* UpdateAlertView.m in Sources */,
				EF19A6831DC1AD0500D67A05 /* JPEngine.m in Sources */,
				EF50D52F1DBF7A310047BA28 /* MyBase64.m in Sources */,
				EF3992541DBDE7E600EBC554 /* AppDelegate.m in Sources */,
				EF4502E91DBF38B8002DA845 /* SuccessViewController.m in Sources */,
				EFD3815A1DC1F67B003CC8B8 /* CouponEfficientTableVIewCell.m in Sources */,
				EF50D52E1DBF7A310047BA28 /* DynamicChangeCode.m in Sources */,
				EF3992511DBDE7E600EBC554 /* main.m in Sources */,
				EF4502E61DBF08FE002DA845 /* MainViewController.m in Sources */,
				EF50D52D1DBF7A310047BA28 /* DES3EncryptUtil.m in Sources */,
				EF95FEAA1DBEF3480051F8C8 /* FailureViewController.m in Sources */,
			);
			runOnlyForDeploymentPostprocessing = 0;
		};
/* End PBXSourcesBuildPhase section */

/* Begin PBXVariantGroup section */
		EF39925D1DBDE7E600EBC554 /* LaunchScreen.storyboard */ = {
			isa = PBXVariantGroup;
			children = (
				EF39925E1DBDE7E600EBC554 /* Base */,
			);
			name = LaunchScreen.storyboard;
			sourceTree = "<group>";
		};
/* End PBXVariantGroup section */

/* Begin XCBuildConfiguration section */
		EF3992611DBDE7E600EBC554 /* Debug */ = {
			isa = XCBuildConfiguration;
			buildSettings = {
				ALWAYS_SEARCH_USER_PATHS = NO;
				CLANG_ANALYZER_NONNULL = YES;
				CLANG_CXX_LANGUAGE_STANDARD = "gnu++0x";
				CLANG_CXX_LIBRARY = "libc++";
				CLANG_ENABLE_MODULES = YES;
				CLANG_ENABLE_OBJC_ARC = YES;
				CLANG_WARN_BOOL_CONVERSION = YES;
				CLANG_WARN_CONSTANT_CONVERSION = YES;
				CLANG_WARN_DIRECT_OBJC_ISA_USAGE = YES_ERROR;
				CLANG_WARN_DOCUMENTATION_COMMENTS = YES;
				CLANG_WARN_EMPTY_BODY = YES;
				CLANG_WARN_ENUM_CONVERSION = YES;
				CLANG_WARN_INFINITE_RECURSION = YES;
				CLANG_WARN_INT_CONVERSION = YES;
				CLANG_WARN_OBJC_ROOT_CLASS = YES_ERROR;
				CLANG_WARN_SUSPICIOUS_MOVES = YES;
				CLANG_WARN_UNREACHABLE_CODE = YES;
				CLANG_WARN__DUPLICATE_METHOD_MATCH = YES;
				"CODE_SIGN_IDENTITY[sdk=iphoneos*]" = "iPhone Developer";
				COPY_PHASE_STRIP = NO;
				DEBUG_INFORMATION_FORMAT = dwarf;
				ENABLE_STRICT_OBJC_MSGSEND = YES;
				ENABLE_TESTABILITY = YES;
				GCC_C_LANGUAGE_STANDARD = gnu99;
				GCC_DYNAMIC_NO_PIC = NO;
				GCC_NO_COMMON_BLOCKS = YES;
				GCC_OPTIMIZATION_LEVEL = 0;
				GCC_PREPROCESSOR_DEFINITIONS = (
					"DEBUG=1",
					"$(inherited)",
				);
				GCC_WARN_64_TO_32_BIT_CONVERSION = YES;
				GCC_WARN_ABOUT_RETURN_TYPE = YES_ERROR;
				GCC_WARN_UNDECLARED_SELECTOR = YES;
				GCC_WARN_UNINITIALIZED_AUTOS = YES_AGGRESSIVE;
				GCC_WARN_UNUSED_FUNCTION = YES;
				GCC_WARN_UNUSED_VARIABLE = YES;
				IPHONEOS_DEPLOYMENT_TARGET = 10.0;
				MTL_ENABLE_DEBUG_INFO = YES;
				ONLY_ACTIVE_ARCH = YES;
				SDKROOT = iphoneos;
				TARGETED_DEVICE_FAMILY = "1,2";
			};
			name = Debug;
		};
		EF3992621DBDE7E600EBC554 /* Release */ = {
			isa = XCBuildConfiguration;
			buildSettings = {
				ALWAYS_SEARCH_USER_PATHS = NO;
				CLANG_ANALYZER_NONNULL = YES;
				CLANG_CXX_LANGUAGE_STANDARD = "gnu++0x";
				CLANG_CXX_LIBRARY = "libc++";
				CLANG_ENABLE_MODULES = YES;
				CLANG_ENABLE_OBJC_ARC = YES;
				CLANG_WARN_BOOL_CONVERSION = YES;
				CLANG_WARN_CONSTANT_CONVERSION = YES;
				CLANG_WARN_DIRECT_OBJC_ISA_USAGE = YES_ERROR;
				CLANG_WARN_DOCUMENTATION_COMMENTS = YES;
				CLANG_WARN_EMPTY_BODY = YES;
				CLANG_WARN_ENUM_CONVERSION = YES;
				CLANG_WARN_INFINITE_RECURSION = YES;
				CLANG_WARN_INT_CONVERSION = YES;
				CLANG_WARN_OBJC_ROOT_CLASS = YES_ERROR;
				CLANG_WARN_SUSPICIOUS_MOVES = YES;
				CLANG_WARN_UNREACHABLE_CODE = YES;
				CLANG_WARN__DUPLICATE_METHOD_MATCH = YES;
				"CODE_SIGN_IDENTITY[sdk=iphoneos*]" = "iPhone Developer";
				COPY_PHASE_STRIP = NO;
				DEBUG_INFORMATION_FORMAT = "dwarf-with-dsym";
				ENABLE_NS_ASSERTIONS = NO;
				ENABLE_STRICT_OBJC_MSGSEND = YES;
				GCC_C_LANGUAGE_STANDARD = gnu99;
				GCC_NO_COMMON_BLOCKS = YES;
				GCC_WARN_64_TO_32_BIT_CONVERSION = YES;
				GCC_WARN_ABOUT_RETURN_TYPE = YES_ERROR;
				GCC_WARN_UNDECLARED_SELECTOR = YES;
				GCC_WARN_UNINITIALIZED_AUTOS = YES_AGGRESSIVE;
				GCC_WARN_UNUSED_FUNCTION = YES;
				GCC_WARN_UNUSED_VARIABLE = YES;
				IPHONEOS_DEPLOYMENT_TARGET = 10.0;
				MTL_ENABLE_DEBUG_INFO = NO;
				SDKROOT = iphoneos;
				TARGETED_DEVICE_FAMILY = "1,2";
				VALIDATE_PRODUCT = YES;
			};
			name = Release;
		};
		EF3992641DBDE7E600EBC554 /* Debug */ = {
			isa = XCBuildConfiguration;
			buildSettings = {
				ASSETCATALOG_COMPILER_APPICON_NAME = AppIcon;
				DEVELOPMENT_TEAM = MJEC23A2X6;
				FRAMEWORK_SEARCH_PATHS = (
					"$(inherited)",
					"$(PROJECT_DIR)/JSPatchManual",
				);
				INFOPLIST_FILE = JSPatchManual/Info.plist;
				LD_RUNPATH_SEARCH_PATHS = "$(inherited) @executable_path/Frameworks";
				PRODUCT_BUNDLE_IDENTIFIER = org.demo.JSPatchManual;
				PRODUCT_NAME = "$(TARGET_NAME)";
			};
			name = Debug;
		};
		EF3992651DBDE7E600EBC554 /* Release */ = {
			isa = XCBuildConfiguration;
			buildSettings = {
				ASSETCATALOG_COMPILER_APPICON_NAME = AppIcon;
				DEVELOPMENT_TEAM = MJEC23A2X6;
				FRAMEWORK_SEARCH_PATHS = (
					"$(inherited)",
					"$(PROJECT_DIR)/JSPatchManual",
				);
				INFOPLIST_FILE = JSPatchManual/Info.plist;
				LD_RUNPATH_SEARCH_PATHS = "$(inherited) @executable_path/Frameworks";
				PRODUCT_BUNDLE_IDENTIFIER = org.demo.JSPatchManual;
				PRODUCT_NAME = "$(TARGET_NAME)";
			};
			name = Release;
		};
/* End XCBuildConfiguration section */

/* Begin XCConfigurationList section */
		EF3992471DBDE7E600EBC554 /* Build configuration list for PBXProject "JSPatchManual" */ = {
			isa = XCConfigurationList;
			buildConfigurations = (
				EF3992611DBDE7E600EBC554 /* Debug */,
				EF3992621DBDE7E600EBC554 /* Release */,
			);
			defaultConfigurationIsVisible = 0;
			defaultConfigurationName = Release;
		};
		EF3992631DBDE7E600EBC554 /* Build configuration list for PBXNativeTarget "JSPatchManual" */ = {
			isa = XCConfigurationList;
			buildConfigurations = (
				EF3992641DBDE7E600EBC554 /* Debug */,
				EF3992651DBDE7E600EBC554 /* Release */,
			);
			defaultConfigurationIsVisible = 0;
			defaultConfigurationName = Release;
		};
/* End XCConfigurationList section */
	};
	rootObject = EF3992441DBDE7E600EBC554 /* Project object */;
}
